
Microsoft Visual Studio Solution File, Format Version 12.00
# Visual Studio 15
VisualStudioVersion = 15.0.27703.2026
MinimumVisualStudioVersion = 10.0.40219.1
Project("{FAE04EC0-301F-11D3-BF4B-00C04F79EFBC}") = "Expenses.API", "Expenses\Expenses.API.csproj", "{12769B8E-130E-4FC4-B407-588F5EA454C4}"
EndProject
Project("{FAE04EC0-301F-11D3-BF4B-00C04F79EFBC}") = "Expenses.TestApp", "Expenses.TestApp\Expenses.TestApp.csproj", "{0A76ED29-B423-4F75-8F81-094CCB98F3F1}"
EndProject
Global
	GlobalSection(SolutionConfigurationPlatforms) = preSolution
		Debug|Any CPU = Debug|Any CPU
		Release|Any CPU = Release|Any CPU
	EndGlobalSection
	GlobalSection(ProjectConfigurationPlatforms) = postSolution
		{12769B8E-130E-4FC4-B407-588F5EA454C4}.Debug|Any CPU.ActiveCfg = Debug|Any CPU
		{12769B8E-130E-4FC4-B407-588F5EA454C4}.Debug|Any CPU.Build.0 = Debug|Any CPU
		{12769B8E-130E-4FC4-B407-588F5EA454C4}.Release|Any CPU.ActiveCfg = Release|Any CPU
		{12769B8E-130E-4FC4-B407-588F5EA454C4}.Release|Any CPU.Build.0 = Release|Any CPU
		{0A76ED29-B423-4F75-8F81-094CCB98F3F1}.Debug|Any CPU.ActiveCfg = Debug|Any CPU
		{0A76ED29-B423-4F75-8F81-094CCB98F3F1}.Debug|Any CPU.Build.0 = Debug|Any CPU
		{0A76ED29-B423-4F75-8F81-094CCB98F3F1}.Release|Any CPU.ActiveCfg = Release|Any CPU
		{0A76ED29-B423-4F75-8F81-094CCB98F3F1}.Release|Any CPU.Build.0 = Release|Any CPU
	EndGlobalSection
	GlobalSection(SolutionProperties) = preSolution
		HideSolutionNode = FALSE
	EndGlobalSection
	GlobalSection(ExtensibilityGlobals) = postSolution
		SolutionGuid = {C5196BF5-20C0-4C27-A0C3-31C935906784}
	EndGlobalSection
EndGlobal
